
Microsoft Visual Studio Solution File, Format Version 12.00
# Visual Studio Version 16
VisualStudioVersion = 16.0.30413.136
MinimumVisualStudioVersion = 10.0.40219.1
Project("{FAE04EC0-301F-11D3-BF4B-00C04F79EFBC}") = "FRMDataManager", "FRMDataManager\FRMDataManager.csproj", "{8ED5D212-D55B-4421-972F-5CD0922E7BAC}"
EndProject
Global
	GlobalSection(SolutionConfigurationPlatforms) = preSolution
		Debug|Any CPU = Debug|Any CPU
		Release|Any CPU = Release|Any CPU
	EndGlobalSection
	GlobalSection(ProjectConfigurationPlatforms) = postSolution
		{8ED5D212-D55B-4421-972F-5CD0922E7BAC}.Debug|Any CPU.ActiveCfg = Debug|Any CPU
		{8ED5D212-D55B-4421-972F-5CD0922E7BAC}.Debug|Any CPU.Build.0 = Debug|Any CPU
		{8ED5D212-D55B-4421-972F-5CD0922E7BAC}.Release|Any CPU.ActiveCfg = Release|Any CPU
		{8ED5D212-D55B-4421-972F-5CD0922E7BAC}.Release|Any CPU.Build.0 = Release|Any CPU
	EndGlobalSection
	GlobalSection(SolutionProperties) = preSolution
		HideSolutionNode = FALSE
	EndGlobalSection
	GlobalSection(ExtensibilityGlobals) = postSolution
		SolutionGuid = {958C40EE-B6AF-4C38-8FB1-0DA39C0EDF9B}
	EndGlobalSection
EndGlobal
